dependencies:
- name: mongodb
  repository: https://charts.bitnami.com/bitnami
  version: 7.2.11
- name: minio
  repository: https://charts.bitnami.com/bitnami
  version: 3.4.21
- name: rabbitmq
  repository: https://charts.bitnami.com/bitnami
  version: 7.6.9
- name: elasticsearch2
  repository: https://opensource.ncsa.illinois.edu/charts/
  version: 0.2.1
digest: sha256:6a590b13f66b9e7564ad234c8392551e3d190fef4c202d66ffcb509a45763421
generated: "2021-02-04T16:17:53.437178-06:00"
