dependencies:
- name: mongodb
  repository: https://raw.githubusercontent.com/bitnami/charts/archive-full-index/bitnami
  version: 7.2.11
- name: minio
  repository: https://raw.githubusercontent.com/bitnami/charts/archive-full-index/bitnami
  version: 3.4.21
- name: rabbitmq
  repository: https://raw.githubusercontent.com/bitnami/charts/archive-full-index/bitnami
  version: 7.6.9
- name: elasticsearch2
  repository: https://opensource.ncsa.illinois.edu/charts/
  version: 0.2.2
digest: sha256:aece4ba4bb96e93d508283853e9a6cd4718b9ed2b899812003b5bce67d392b0a
generated: "2025-09-25T20:39:56.424739-05:00"
